
Microsoft Visual Studio Solution File, Format Version 12.00
# Visual Studio Version 17
VisualStudioVersion = 17.7.34024.191
MinimumVisualStudioVersion = 10.0.40219.1
Project("{9A19103F-16F7-4668-BE54-9A1E7A4F7556}") = "Ag.Web", "AgTest\Ag.Web.csproj", "{29574FB0-34C6-4D6F-85EC-842C28C0BE6A}"
EndProject
Project("{9A19103F-16F7-4668-BE54-9A1E7A4F7556}") = "Ag.BLL", "Ag.Data\Ag.BLL.csproj", "{1A58E1BF-D429-45BE-83FE-2E2B3D8E4147}"
EndProject
Project("{9A19103F-16F7-4668-BE54-9A1E7A4F7556}") = "Ag.DAL", "Ag.Core\Ag.DAL.csproj", "{EFA97839-145D-4122-81F3-A4C682925621}"
EndProject
Project("{2150E333-8FDC-42A3-9474-1A3956D46DE8}") = "src", "src", "{EE9DB0F8-C544-4FDB-BD61-58B4F1E65968}"
EndProject
Project("{2150E333-8FDC-42A3-9474-1A3956D46DE8}") = "e2e", "e2e", "{83AF5DCF-978D-4A38-B9F2-CF373DD9D2DE}"
EndProject
Project("{54A90642-561A-4BB1-A94E-469ADEE60C69}") = "Ag.E2E", "Ag.E2E\Ag.E2E.esproj", "{EB56249A-325B-4BCC-9B1F-CE5CAEE4B04B}"
EndProject
Global
	GlobalSection(SolutionConfigurationPlatforms) = preSolution
		Debug|Any CPU = Debug|Any CPU
		Release|Any CPU = Release|Any CPU
	EndGlobalSection
	GlobalSection(ProjectConfigurationPlatforms) = postSolution
		{29574FB0-34C6-4D6F-85EC-842C28C0BE6A}.Debug|Any CPU.ActiveCfg = Debug|Any CPU
		{29574FB0-34C6-4D6F-85EC-842C28C0BE6A}.Debug|Any CPU.Build.0 = Debug|Any CPU
		{29574FB0-34C6-4D6F-85EC-842C28C0BE6A}.Release|Any CPU.ActiveCfg = Release|Any CPU
		{29574FB0-34C6-4D6F-85EC-842C28C0BE6A}.Release|Any CPU.Build.0 = Release|Any CPU
		{1A58E1BF-D429-45BE-83FE-2E2B3D8E4147}.Debug|Any CPU.ActiveCfg = Debug|Any CPU
		{1A58E1BF-D429-45BE-83FE-2E2B3D8E4147}.Debug|Any CPU.Build.0 = Debug|Any CPU
		{1A58E1BF-D429-45BE-83FE-2E2B3D8E4147}.Release|Any CPU.ActiveCfg = Release|Any CPU
		{1A58E1BF-D429-45BE-83FE-2E2B3D8E4147}.Release|Any CPU.Build.0 = Release|Any CPU
		{EFA97839-145D-4122-81F3-A4C682925621}.Debug|Any CPU.ActiveCfg = Debug|Any CPU
		{EFA97839-145D-4122-81F3-A4C682925621}.Debug|Any CPU.Build.0 = Debug|Any CPU
		{EFA97839-145D-4122-81F3-A4C682925621}.Release|Any CPU.ActiveCfg = Release|Any CPU
		{EFA97839-145D-4122-81F3-A4C682925621}.Release|Any CPU.Build.0 = Release|Any CPU
		{EB56249A-325B-4BCC-9B1F-CE5CAEE4B04B}.Debug|Any CPU.ActiveCfg = Debug|Any CPU
		{EB56249A-325B-4BCC-9B1F-CE5CAEE4B04B}.Debug|Any CPU.Build.0 = Debug|Any CPU
		{EB56249A-325B-4BCC-9B1F-CE5CAEE4B04B}.Debug|Any CPU.Deploy.0 = Debug|Any CPU
		{EB56249A-325B-4BCC-9B1F-CE5CAEE4B04B}.Release|Any CPU.ActiveCfg = Release|Any CPU
		{EB56249A-325B-4BCC-9B1F-CE5CAEE4B04B}.Release|Any CPU.Build.0 = Release|Any CPU
		{EB56249A-325B-4BCC-9B1F-CE5CAEE4B04B}.Release|Any CPU.Deploy.0 = Release|Any CPU
	EndGlobalSection
	GlobalSection(SolutionProperties) = preSolution
		HideSolutionNode = FALSE
	EndGlobalSection
	GlobalSection(NestedProjects) = preSolution
		{29574FB0-34C6-4D6F-85EC-842C28C0BE6A} = {EE9DB0F8-C544-4FDB-BD61-58B4F1E65968}
		{1A58E1BF-D429-45BE-83FE-2E2B3D8E4147} = {EE9DB0F8-C544-4FDB-BD61-58B4F1E65968}
		{EFA97839-145D-4122-81F3-A4C682925621} = {EE9DB0F8-C544-4FDB-BD61-58B4F1E65968}
		{EB56249A-325B-4BCC-9B1F-CE5CAEE4B04B} = {83AF5DCF-978D-4A38-B9F2-CF373DD9D2DE}
	EndGlobalSection
	GlobalSection(ExtensibilityGlobals) = postSolution
		SolutionGuid = {EDEC1BFF-5952-4D9A-8ACE-43167DD989CF}
	EndGlobalSection
EndGlobal
